
Microsoft Visual Studio Solution File, Format Version 12.00
# Visual Studio 14
VisualStudioVersion = 14.0.25420.1
MinimumVisualStudioVersion = 10.0.40219.1
Project("{FAE04EC0-301F-11D3-BF4B-00C04F79EFBC}") = "CSharpLibrary", "CSharpLibrary\CSharpLibrary.csproj", "{410D0279-53D6-461C-81CB-BF957E4C5FFC}"
EndProject
Project("{FAE04EC0-301F-11D3-BF4B-00C04F79EFBC}") = "Integers", "Integers\Integers.csproj", "{8027963D-5CEA-483C-AB07-D212F4B26247}"
EndProject
Project("{FAE04EC0-301F-11D3-BF4B-00C04F79EFBC}") = "Strings", "Strings\Strings.csproj", "{18AC05B4-B2E5-4F80-84F8-E935FEE1687C}"
EndProject
Global
	GlobalSection(SolutionConfigurationPlatforms) = preSolution
		Debug|Any CPU = Debug|Any CPU
		Release|Any CPU = Release|Any CPU
	EndGlobalSection
	GlobalSection(ProjectConfigurationPlatforms) = postSolution
		{410D0279-53D6-461C-81CB-BF957E4C5FFC}.Debug|Any CPU.ActiveCfg = Debug|Any CPU
		{410D0279-53D6-461C-81CB-BF957E4C5FFC}.Debug|Any CPU.Build.0 = Debug|Any CPU
		{410D0279-53D6-461C-81CB-BF957E4C5FFC}.Release|Any CPU.ActiveCfg = Release|Any CPU
		{410D0279-53D6-461C-81CB-BF957E4C5FFC}.Release|Any CPU.Build.0 = Release|Any CPU
		{8027963D-5CEA-483C-AB07-D212F4B26247}.Debug|Any CPU.ActiveCfg = Debug|Any CPU
		{8027963D-5CEA-483C-AB07-D212F4B26247}.Debug|Any CPU.Build.0 = Debug|Any CPU
		{8027963D-5CEA-483C-AB07-D212F4B26247}.Release|Any CPU.ActiveCfg = Release|Any CPU
		{8027963D-5CEA-483C-AB07-D212F4B26247}.Release|Any CPU.Build.0 = Release|Any CPU
		{18AC05B4-B2E5-4F80-84F8-E935FEE1687C}.Debug|Any CPU.ActiveCfg = Debug|Any CPU
		{18AC05B4-B2E5-4F80-84F8-E935FEE1687C}.Debug|Any CPU.Build.0 = Debug|Any CPU
		{18AC05B4-B2E5-4F80-84F8-E935FEE1687C}.Release|Any CPU.ActiveCfg = Release|Any CPU
		{18AC05B4-B2E5-4F80-84F8-E935FEE1687C}.Release|Any CPU.Build.0 = Release|Any CPU
	EndGlobalSection
	GlobalSection(SolutionProperties) = preSolution
		HideSolutionNode = FALSE
	EndGlobalSection
EndGlobal
